
Microsoft Visual Studio Solution File, Format Version 12.00
# Visual Studio Version 16
VisualStudioVersion = 16.0.31205.134
MinimumVisualStudioVersion = 10.0.40219.1
Project("{9A19103F-16F7-4668-BE54-9A1E7A4F7556}") = "nutlib", "nutlib\nutlib.csproj", "{55FB9230-2ED8-41E5-9048-1BBC98474C2A}"
EndProject
Project("{9A19103F-16F7-4668-BE54-9A1E7A4F7556}") = "nutclient", "nutclient\nutclient.csproj", "{2C1E1419-38D9-44A7-95C2-F808E1E0E92B}"
EndProject
Project("{9A19103F-16F7-4668-BE54-9A1E7A4F7556}") = "testnut", "testnut\testnut.csproj", "{3634DEFA-F973-47A7-96FB-B00B1237115B}"
EndProject
Global
	GlobalSection(SolutionConfigurationPlatforms) = preSolution
		Debug|Any CPU = Debug|Any CPU
		Release|Any CPU = Release|Any CPU
	EndGlobalSection
	GlobalSection(ProjectConfigurationPlatforms) = postSolution
		{55FB9230-2ED8-41E5-9048-1BBC98474C2A}.Debug|Any CPU.ActiveCfg = Debug|Any CPU
		{55FB9230-2ED8-41E5-9048-1BBC98474C2A}.Debug|Any CPU.Build.0 = Debug|Any CPU
		{55FB9230-2ED8-41E5-9048-1BBC98474C2A}.Release|Any CPU.ActiveCfg = Release|Any CPU
		{55FB9230-2ED8-41E5-9048-1BBC98474C2A}.Release|Any CPU.Build.0 = Release|Any CPU
		{2C1E1419-38D9-44A7-95C2-F808E1E0E92B}.Debug|Any CPU.ActiveCfg = Debug|Any CPU
		{2C1E1419-38D9-44A7-95C2-F808E1E0E92B}.Debug|Any CPU.Build.0 = Debug|Any CPU
		{2C1E1419-38D9-44A7-95C2-F808E1E0E92B}.Release|Any CPU.ActiveCfg = Release|Any CPU
		{2C1E1419-38D9-44A7-95C2-F808E1E0E92B}.Release|Any CPU.Build.0 = Release|Any CPU
		{3634DEFA-F973-47A7-96FB-B00B1237115B}.Debug|Any CPU.ActiveCfg = Debug|Any CPU
		{3634DEFA-F973-47A7-96FB-B00B1237115B}.Debug|Any CPU.Build.0 = Debug|Any CPU
		{3634DEFA-F973-47A7-96FB-B00B1237115B}.Release|Any CPU.ActiveCfg = Release|Any CPU
		{3634DEFA-F973-47A7-96FB-B00B1237115B}.Release|Any CPU.Build.0 = Release|Any CPU
	EndGlobalSection
	GlobalSection(SolutionProperties) = preSolution
		HideSolutionNode = FALSE
	EndGlobalSection
	GlobalSection(ExtensibilityGlobals) = postSolution
		SolutionGuid = {5AD80DBE-8EDE-454F-980D-F668FD8083D3}
	EndGlobalSection
EndGlobal
